
Microsoft Visual Studio Solution File, Format Version 12.00
# Visual Studio Version 16
VisualStudioVersion = 16.0.30225.117
MinimumVisualStudioVersion = 10.0.40219.1
Project("{FAE04EC0-301F-11D3-BF4B-00C04F79EFBC}") = "InstantMessenger", "InstantMessenger.csproj", "{807A5472-2699-47EB-BFD5-606287C4DDCE}"
EndProject
Global
	GlobalSection(SolutionConfigurationPlatforms) = preSolution
		Debug|Any CPU = Debug|Any CPU
		Release|Any CPU = Release|Any CPU
	EndGlobalSection
	GlobalSection(ProjectConfigurationPlatforms) = postSolution
		{807A5472-2699-47EB-BFD5-606287C4DDCE}.Debug|Any CPU.ActiveCfg = Debug|Any CPU
		{807A5472-2699-47EB-BFD5-606287C4DDCE}.Debug|Any CPU.Build.0 = Debug|Any CPU
		{807A5472-2699-47EB-BFD5-606287C4DDCE}.Release|Any CPU.ActiveCfg = Release|Any CPU
		{807A5472-2699-47EB-BFD5-606287C4DDCE}.Release|Any CPU.Build.0 = Release|Any CPU
	EndGlobalSection
	GlobalSection(SolutionProperties) = preSolution
		HideSolutionNode = FALSE
	EndGlobalSection
	GlobalSection(ExtensibilityGlobals) = postSolution
		SolutionGuid = {AF003B95-540B-481A-8032-F5D3BD5FCDC4}
	EndGlobalSection
EndGlobal
